
Microsoft Visual Studio Solution File, Format Version 12.00
# Visual Studio 2013
VisualStudioVersion = 12.0.21005.1
MinimumVisualStudioVersion = 10.0.40219.1
Project("{2150E333-8FDC-42A3-9474-1A3956D46DE8}") = "Engine", "Engine", "{497697D8-F625-486C-B94C-C93DFEC8D0D3}"
EndProject
Project("{2150E333-8FDC-42A3-9474-1A3956D46DE8}") = "Games", "Games", "{0D9CF157-F701-45F4-B407-02B3EEF4C2A2}"
EndProject
Project("{8BC9CEB8-8B4A-11D0-8D11-00A0C91BC942}") = "BattleChairs", "Intermediate\ProjectFiles\BattleChairs.vcxproj", "{271A6357-7091-4544-AA14-1F55B94978C6}"
EndProject
Project("{8BC9CEB8-8B4A-11D0-8D11-00A0C91BC942}") = "UE4", "Intermediate\ProjectFiles\UE4.vcxproj", "{4EF63055-2FD5-4174-9EBA-EDE8DC118557}"
EndProject
Global
	GlobalSection(SolutionConfigurationPlatforms) = preSolution
		DebugGame Editor|Windows = DebugGame Editor|Windows
		DebugGame|Windows = DebugGame|Windows
		Development Editor|Windows = Development Editor|Windows
		Development|Windows = Development|Windows
		Shipping|Windows = Shipping|Windows
	EndGlobalSection
	GlobalSection(ProjectConfigurationPlatforms) = postSolution
		{271A6357-7091-4544-AA14-1F55B94978C6}.DebugGame Editor|Windows.ActiveCfg = DebugGame_Editor|x64
		{271A6357-7091-4544-AA14-1F55B94978C6}.DebugGame Editor|Windows.Build.0 = DebugGame_Editor|x64
		{271A6357-7091-4544-AA14-1F55B94978C6}.DebugGame|Windows.ActiveCfg = DebugGame_Game|x64
		{271A6357-7091-4544-AA14-1F55B94978C6}.DebugGame|Windows.Build.0 = DebugGame_Game|x64
		{271A6357-7091-4544-AA14-1F55B94978C6}.Development Editor|Windows.ActiveCfg = Development_Editor|x64
		{271A6357-7091-4544-AA14-1F55B94978C6}.Development Editor|Windows.Build.0 = Development_Editor|x64
		{271A6357-7091-4544-AA14-1F55B94978C6}.Development|Windows.ActiveCfg = Development_Game|x64
		{271A6357-7091-4544-AA14-1F55B94978C6}.Development|Windows.Build.0 = Development_Game|x64
		{271A6357-7091-4544-AA14-1F55B94978C6}.Shipping|Windows.ActiveCfg = Shipping_Game|Win32
		{271A6357-7091-4544-AA14-1F55B94978C6}.Shipping|Windows.Build.0 = Shipping_Game|Win32
		{4EF63055-2FD5-4174-9EBA-EDE8DC118557}.DebugGame Editor|Windows.ActiveCfg = BuiltWithUnrealBuildTool|Win32
		{4EF63055-2FD5-4174-9EBA-EDE8DC118557}.DebugGame|Windows.ActiveCfg = BuiltWithUnrealBuildTool|Win32
		{4EF63055-2FD5-4174-9EBA-EDE8DC118557}.Development Editor|Windows.ActiveCfg = BuiltWithUnrealBuildTool|Win32
		{4EF63055-2FD5-4174-9EBA-EDE8DC118557}.Development|Windows.ActiveCfg = BuiltWithUnrealBuildTool|Win32
		{4EF63055-2FD5-4174-9EBA-EDE8DC118557}.Shipping|Windows.ActiveCfg = BuiltWithUnrealBuildTool|Win32
	EndGlobalSection
	GlobalSection(SolutionProperties) = preSolution
		HideSolutionNode = FALSE
	EndGlobalSection
	GlobalSection(NestedProjects) = preSolution
		{4EF63055-2FD5-4174-9EBA-EDE8DC118557} = {497697D8-F625-486C-B94C-C93DFEC8D0D3}
		{271A6357-7091-4544-AA14-1F55B94978C6} = {0D9CF157-F701-45F4-B407-02B3EEF4C2A2}
	EndGlobalSection
EndGlobal
